
Microsoft Visual Studio Solution File, Format Version 12.00
# Visual Studio Version 16
VisualStudioVersion = 16.0.31727.386
MinimumVisualStudioVersion = 10.0.40219.1
Project("{FAE04EC0-301F-11D3-BF4B-00C04F79EFBC}") = "DateOnlySample", "DateOnlySample\DateOnlySample.csproj", "{FD4253D5-DB6D-4F5F-9A21-FC1949B0CD27}"
EndProject
Global
	GlobalSection(SolutionConfigurationPlatforms) = preSolution
		Debug|Any CPU = Debug|Any CPU
		Release|Any CPU = Release|Any CPU
	EndGlobalSection
	GlobalSection(ProjectConfigurationPlatforms) = postSolution
		{FD4253D5-DB6D-4F5F-9A21-FC1949B0CD27}.Debug|Any CPU.ActiveCfg = Debug|Any CPU
		{FD4253D5-DB6D-4F5F-9A21-FC1949B0CD27}.Debug|Any CPU.Build.0 = Debug|Any CPU
		{FD4253D5-DB6D-4F5F-9A21-FC1949B0CD27}.Release|Any CPU.ActiveCfg = Release|Any CPU
		{FD4253D5-DB6D-4F5F-9A21-FC1949B0CD27}.Release|Any CPU.Build.0 = Release|Any CPU
	EndGlobalSection
	GlobalSection(SolutionProperties) = preSolution
		HideSolutionNode = FALSE
	EndGlobalSection
	GlobalSection(ExtensibilityGlobals) = postSolution
		SolutionGuid = {753BC00D-4B77-469B-8C0D-C5470B8283B7}
	EndGlobalSection
EndGlobal
