
Microsoft Visual Studio Solution File, Format Version 12.00
# Visual Studio Version 17
VisualStudioVersion = 17.1.31812.386
MinimumVisualStudioVersion = 10.0.40219.1
Project("{FAE04EC0-301F-11D3-BF4B-00C04F79EFBC}") = "FileScopedNamespaceSample", "FileScopedNamespaceSample\FileScopedNamespaceSample.csproj", "{FB101449-9225-4BD4-89AD-B8296AA62285}"
EndProject
Global
	GlobalSection(SolutionConfigurationPlatforms) = preSolution
		Debug|Any CPU = Debug|Any CPU
		Release|Any CPU = Release|Any CPU
	EndGlobalSection
	GlobalSection(ProjectConfigurationPlatforms) = postSolution
		{FB101449-9225-4BD4-89AD-B8296AA62285}.Debug|Any CPU.ActiveCfg = Debug|Any CPU
		{FB101449-9225-4BD4-89AD-B8296AA62285}.Debug|Any CPU.Build.0 = Debug|Any CPU
		{FB101449-9225-4BD4-89AD-B8296AA62285}.Release|Any CPU.ActiveCfg = Release|Any CPU
		{FB101449-9225-4BD4-89AD-B8296AA62285}.Release|Any CPU.Build.0 = Release|Any CPU
	EndGlobalSection
	GlobalSection(SolutionProperties) = preSolution
		HideSolutionNode = FALSE
	EndGlobalSection
	GlobalSection(ExtensibilityGlobals) = postSolution
		SolutionGuid = {0DF236D1-B1DD-496D-BEA6-FAC0CC08C1E6}
	EndGlobalSection
EndGlobal
